
Microsoft Visual Studio Solution File, Format Version 12.00
# Visual Studio Version 17
VisualStudioVersion = 17.0.31912.275
MinimumVisualStudioVersion = 10.0.40219.1
Project("{9A19103F-16F7-4668-BE54-9A1E7A4F7556}") = "VirtualDream", "VirtualDream.csproj", "{4E4DF631-55C1-4616-9B7D-84734A60BCB8}"
EndProject
Global
	GlobalSection(SolutionConfigurationPlatforms) = preSolution
		Debug|Any CPU = Debug|Any CPU
		Release|Any CPU = Release|Any CPU
	EndGlobalSection
	GlobalSection(ProjectConfigurationPlatforms) = postSolution
		{4E4DF631-55C1-4616-9B7D-84734A60BCB8}.Debug|Any CPU.ActiveCfg = Debug|Any CPU
		{4E4DF631-55C1-4616-9B7D-84734A60BCB8}.Debug|Any CPU.Build.0 = Debug|Any CPU
		{4E4DF631-55C1-4616-9B7D-84734A60BCB8}.Release|Any CPU.ActiveCfg = Release|Any CPU
		{4E4DF631-55C1-4616-9B7D-84734A60BCB8}.Release|Any CPU.Build.0 = Release|Any CPU
	EndGlobalSection
	GlobalSection(SolutionProperties) = preSolution
		HideSolutionNode = FALSE
	EndGlobalSection
	GlobalSection(ExtensibilityGlobals) = postSolution
		SolutionGuid = {1C457734-7EC2-490E-8AAC-CE3ED709C92C}
	EndGlobalSection
EndGlobal
